
Microsoft Visual Studio Solution File, Format Version 12.00
# Visual Studio 2012
Project("{2150E333-8FDC-42A3-9474-1A3956D46DE8}") = "Solution Items", "Solution Items", "{9D9BB9B1-BC53-415C-8802-9A75E3387686}"
	ProjectSection(SolutionItems) = preProject
		.classpath = .classpath
		.project = .project
		lib\sen-1.2.2.1\.project = lib\sen-1.2.2.1\.project
		doc\interactive_temp\__DAtemp__.txt = doc\interactive_temp\__DAtemp__.txt
		doc\interactive_out\__DAtemp__.txt.xmi = doc\interactive_out\__DAtemp__.txt.xmi
		lib\sen-1.2.2.1\dic\ipadic-2.6.0\aclocal.m4 = lib\sen-1.2.2.1\dic\ipadic-2.6.0\aclocal.m4
		lib\sen-1.2.2.1\dic\ipadic-2.6.0\Adj.dic = lib\sen-1.2.2.1\dic\ipadic-2.6.0\Adj.dic
		lib\sen-1.2.2.1\dic\ipadic-2.6.0\Adnominal.dic = lib\sen-1.2.2.1\dic\ipadic-2.6.0\Adnominal.dic
		lib\sen-1.2.2.1\dic\ipadic-2.6.0\Adverb.dic = lib\sen-1.2.2.1\dic\ipadic-2.6.0\Adverb.dic
		desc\aeDescriptor.xml = desc\aeDescriptor.xml
		doc\allclasses-frame.html = doc\allclasses-frame.html
		lib\sen-1.2.2.1\docs\api\allclasses-frame.html = lib\sen-1.2.2.1\docs\api\allclasses-frame.html
		doc\allclasses-noframe.html = doc\allclasses-noframe.html
		lib\sen-1.2.2.1\docs\api\allclasses-noframe.html = lib\sen-1.2.2.1\docs\api\allclasses-noframe.html
		lib\sen-1.2.2.1\dic\ipadic-2.6.0\AUTHORS = lib\sen-1.2.2.1\dic\ipadic-2.6.0\AUTHORS
		lib\sen-1.2.2.1\dic\ipadic-2.6.0\Auxil.dic = lib\sen-1.2.2.1\dic\ipadic-2.6.0\Auxil.dic
		lib\sen-1.2.2.1\build.xml = lib\sen-1.2.2.1\build.xml
		lib\sen-1.2.2.1\dic\build.xml = lib\sen-1.2.2.1\dic\build.xml
		lib\sen-1.2.2.1\dic\ipadic-2.6.0\cforms.cha = lib\sen-1.2.2.1\dic\ipadic-2.6.0\cforms.cha
		lib\sen-1.2.2.1\dic\ipadic-2.6.0\ChangeLog = lib\sen-1.2.2.1\dic\ipadic-2.6.0\ChangeLog
		lib\sen-1.2.2.1\dic\ipadic-2.6.0\chasenrc = lib\sen-1.2.2.1\dic\ipadic-2.6.0\chasenrc
		lib\sen-1.2.2.1\dic\ipadic-2.6.0\chasenrc.in = lib\sen-1.2.2.1\dic\ipadic-2.6.0\chasenrc.in
		lib\sen-1.2.2.1\lib\commons-logging.jar = lib\sen-1.2.2.1\lib\commons-logging.jar
		lib\sen-1.2.2.1\docs\api\net\java\sen\processor\class-use\CompositPostProcessor.html = lib\sen-1.2.2.1\docs\api\net\java\sen\processor\class-use\CompositPostProcessor.html
		lib\sen-1.2.2.1\docs\api\net\java\sen\processor\CompositPostProcessor.html = lib\sen-1.2.2.1\docs\api\net\java\sen\processor\CompositPostProcessor.html
		lib\sen-1.2.2.1\src\java\net\java\sen\processor\CompositPostProcessor.java = lib\sen-1.2.2.1\src\java\net\java\sen\processor\CompositPostProcessor.java
		lib\sen-1.2.2.1\dic\compound.pl = lib\sen-1.2.2.1\dic\compound.pl
		lib\sen-1.2.2.1\docs\api\net\java\sen\processor\class-use\CompoundWordPostProcessor.html = lib\sen-1.2.2.1\docs\api\net\java\sen\processor\class-use\CompoundWordPostProcessor.html
		lib\sen-1.2.2.1\docs\api\net\java\sen\processor\CompoundWordPostProcessor.html = lib\sen-1.2.2.1\docs\api\net\java\sen\processor\CompoundWordPostProcessor.html
		lib\sen-1.2.2.1\src\java\net\java\sen\processor\CompoundWordPostProcessor.java = lib\sen-1.2.2.1\src\java\net\java\sen\processor\CompoundWordPostProcessor.java
		lib\sen-1.2.2.1\dic\ipadic-2.6.0\configure = lib\sen-1.2.2.1\dic\ipadic-2.6.0\configure
		lib\sen-1.2.2.1\dic\ipadic-2.6.0\configure.in = lib\sen-1.2.2.1\dic\ipadic-2.6.0\configure.in
		lib\sen-1.2.2.1\dic\ipadic-2.6.0\Conjunction.dic = lib\sen-1.2.2.1\dic\ipadic-2.6.0\Conjunction.dic
		lib\sen-1.2.2.1\dic\ipadic-2.6.0\connect.cha = lib\sen-1.2.2.1\dic\ipadic-2.6.0\connect.cha
		lib\sen-1.2.2.1\dic\connect.csv = lib\sen-1.2.2.1\dic\connect.csv
		doc\constant-values.html = doc\constant-values.html
		lib\sen-1.2.2.1\docs\api\constant-values.html = lib\sen-1.2.2.1\docs\api\constant-values.html
		lib\sen-1.2.2.1\dic\ipadic-2.6.0\COPYING = lib\sen-1.2.2.1\dic\ipadic-2.6.0\COPYING
		lib\sen-1.2.2.1\docs\api\net\java\sen\util\class-use\CSVData.html = lib\sen-1.2.2.1\docs\api\net\java\sen\util\class-use\CSVData.html
		lib\sen-1.2.2.1\docs\api\net\java\sen\util\CSVData.html = lib\sen-1.2.2.1\docs\api\net\java\sen\util\CSVData.html
		lib\sen-1.2.2.1\src\java\net\java\sen\util\CSVData.java = lib\sen-1.2.2.1\src\java\net\java\sen\util\CSVData.java
		lib\sen-1.2.2.1\docs\api\net\java\sen\util\class-use\CSVParser.html = lib\sen-1.2.2.1\docs\api\net\java\sen\util\class-use\CSVParser.html
		lib\sen-1.2.2.1\docs\api\net\java\sen\util\CSVParser.html = lib\sen-1.2.2.1\docs\api\net\java\sen\util\CSVParser.html
		lib\sen-1.2.2.1\src\java\net\java\sen\util\CSVParser.java = lib\sen-1.2.2.1\src\java\net\java\sen\util\CSVParser.java
		lib\sen-1.2.2.1\docs\api\net\java\sen\class-use\CToken.html = lib\sen-1.2.2.1\docs\api\net\java\sen\class-use\CToken.html
		lib\sen-1.2.2.1\docs\api\net\java\sen\CToken.html = lib\sen-1.2.2.1\docs\api\net\java\sen\CToken.html
		lib\sen-1.2.2.1\src\java\net\java\sen\CToken.java = lib\sen-1.2.2.1\src\java\net\java\sen\CToken.java
		lib\sen-1.2.2.1\dic\ipadic-2.6.0\ctypes.cha = lib\sen-1.2.2.1\dic\ipadic-2.6.0\ctypes.cha
		lib\sen-1.2.2.1\dic\da.sen = lib\sen-1.2.2.1\dic\da.sen
		doc\deprecated-list.html = doc\deprecated-list.html
		lib\sen-1.2.2.1\docs\api\deprecated-list.html = lib\sen-1.2.2.1\docs\api\deprecated-list.html
		lib\sen-1.2.2.1\dic\dic.csv = lib\sen-1.2.2.1\dic\dic.csv
		lib\sen-1.2.2.1\docs\api\net\java\sen\Dictionary.html = lib\sen-1.2.2.1\docs\api\net\java\sen\Dictionary.html
		lib\sen-1.2.2.1\docs\api\net\java\sen\class-use\Dictionary.html = lib\sen-1.2.2.1\docs\api\net\java\sen\class-use\Dictionary.html
		lib\sen-1.2.2.1\src\java\net\java\sen\Dictionary.java = lib\sen-1.2.2.1\src\java\net\java\sen\Dictionary.java
		lib\sen-1.2.2.1\dic\dictionary.properties = lib\sen-1.2.2.1\dic\dictionary.properties
		lib\sen-1.2.2.1\docs\api\net\java\sen\tools\DictionaryMaker.html = lib\sen-1.2.2.1\docs\api\net\java\sen\tools\DictionaryMaker.html
		lib\sen-1.2.2.1\docs\api\net\java\sen\tools\class-use\DictionaryMaker.html = lib\sen-1.2.2.1\docs\api\net\java\sen\tools\class-use\DictionaryMaker.html
		lib\sen-1.2.2.1\src\java\net\java\sen\tools\DictionaryMaker.java = lib\sen-1.2.2.1\src\java\net\java\sen\tools\DictionaryMaker.java
		lib\sen-1.2.2.1\src\java\net\java\sen\util\DoubleArrayTrie.cpp = lib\sen-1.2.2.1\src\java\net\java\sen\util\DoubleArrayTrie.cpp
		lib\sen-1.2.2.1\docs\api\net\java\sen\util\class-use\DoubleArrayTrie.html = lib\sen-1.2.2.1\docs\api\net\java\sen\util\class-use\DoubleArrayTrie.html
		lib\sen-1.2.2.1\docs\api\net\java\sen\util\DoubleArrayTrie.html = lib\sen-1.2.2.1\docs\api\net\java\sen\util\DoubleArrayTrie.html
		lib\sen-1.2.2.1\src\java\net\java\sen\util\DoubleArrayTrie.java = lib\sen-1.2.2.1\src\java\net\java\sen\util\DoubleArrayTrie.java
		lib\sen-1.2.2.1\docs\api\net\java\sen\io\class-use\FileAccessor.html = lib\sen-1.2.2.1\docs\api\net\java\sen\io\class-use\FileAccessor.html
		lib\sen-1.2.2.1\docs\api\net\java\sen\io\FileAccessor.html = lib\sen-1.2.2.1\docs\api\net\java\sen\io\FileAccessor.html
		lib\sen-1.2.2.1\src\java\net\java\sen\io\FileAccessor.java = lib\sen-1.2.2.1\src\java\net\java\sen\io\FileAccessor.java
		lib\sen-1.2.2.1\docs\api\net\java\sen\io\class-use\FileAccessorFactory.html = lib\sen-1.2.2.1\docs\api\net\java\sen\io\class-use\FileAccessorFactory.html
		lib\sen-1.2.2.1\docs\api\net\java\sen\io\FileAccessorFactory.html = lib\sen-1.2.2.1\docs\api\net\java\sen\io\FileAccessorFactory.html
		lib\sen-1.2.2.1\src\java\net\java\sen\io\FileAccessorFactory.java = lib\sen-1.2.2.1\src\java\net\java\sen\io\FileAccessorFactory.java
		lib\sen-1.2.2.1\dic\ipadic-2.6.0\Filler.dic = lib\sen-1.2.2.1\dic\ipadic-2.6.0\Filler.dic
		lib\sen-1.2.2.1\docs\api\net\java\sen\io\class-use\FullBufferedReader.html = lib\sen-1.2.2.1\docs\api\net\java\sen\io\class-use\FullBufferedReader.html
		lib\sen-1.2.2.1\docs\api\net\java\sen\io\FullBufferedReader.html = lib\sen-1.2.2.1\docs\api\net\java\sen\io\FullBufferedReader.html
		lib\sen-1.2.2.1\src\java\net\java\sen\io\FullBufferedReader.java = lib\sen-1.2.2.1\src\java\net\java\sen\io\FullBufferedReader.java
		lib\sen-1.2.2.1\dic\ipadic-2.6.0\grammar.cha = lib\sen-1.2.2.1\dic\ipadic-2.6.0\grammar.cha
		doc\help-doc.html = doc\help-doc.html
		lib\sen-1.2.2.1\docs\api\help-doc.html = lib\sen-1.2.2.1\docs\api\help-doc.html
		doc\index-files\index-1.html = doc\index-files\index-1.html
		doc\index-files\index-2.html = doc\index-files\index-2.html
		doc\index-files\index-3.html = doc\index-files\index-3.html
		doc\index-files\index-4.html = doc\index-files\index-4.html
		doc\index-files\index-5.html = doc\index-files\index-5.html
		doc\index-files\index-6.html = doc\index-files\index-6.html
		doc\index-files\index-7.html = doc\index-files\index-7.html
		doc\index-files\index-8.html = doc\index-files\index-8.html
		lib\sen-1.2.2.1\docs\api\index-all.html = lib\sen-1.2.2.1\docs\api\index-all.html
		doc\index.html = doc\index.html
		lib\sen-1.2.2.1\docs\api\index.html = lib\sen-1.2.2.1\docs\api\index.html
		doc\resources\inherit.gif = doc\resources\inherit.gif
		lib\sen-1.2.2.1\docs\api\resources\inherit.gif = lib\sen-1.2.2.1\docs\api\resources\inherit.gif
		lib\sen-1.2.2.1\dic\ipadic-2.6.0\INSTALL = lib\sen-1.2.2.1\dic\ipadic-2.6.0\INSTALL
		lib\sen-1.2.2.1\dic\ipadic-2.6.0\INSTALL-ja = lib\sen-1.2.2.1\dic\ipadic-2.6.0\INSTALL-ja
		lib\sen-1.2.2.1\dic\ipadic-2.6.0\install-sh = lib\sen-1.2.2.1\dic\ipadic-2.6.0\install-sh
		metadata\install.xml = metadata\install.xml
		lib\sen-1.2.2.1\dic\ipadic-2.6.0\Interjection.dic = lib\sen-1.2.2.1\dic\ipadic-2.6.0\Interjection.dic
		lib\sen-1.2.2.1\dic\ipa2mecab.pl = lib\sen-1.2.2.1\dic\ipa2mecab.pl
		lib\sen-1.2.2.1\dic\ipadic-2.6.0.tar.gz = lib\sen-1.2.2.1\dic\ipadic-2.6.0.tar.gz
		lib\sen-1.2.2.1\dic\ipadic-2.6.0\doc\ipadic-ja.pdf = lib\sen-1.2.2.1\dic\ipadic-2.6.0\doc\ipadic-ja.pdf
		lib\sen-1.2.2.1\dic\ipadic-2.6.0\doc\ipadic-ja.tex = lib\sen-1.2.2.1\dic\ipadic-2.6.0\doc\ipadic-ja.tex
		lib\sen-1.2.2.1\dic\ipadic-2.6.0\ipadic.spec = lib\sen-1.2.2.1\dic\ipadic-2.6.0\ipadic.spec
		lib\sen-1.2.2.1\dic\ipadic-2.6.0\ipadic.spec.in = lib\sen-1.2.2.1\dic\ipadic-2.6.0\ipadic.spec.in
		lib\sen-1.2.2.1\docs\api\net\java\sen\ja\class-use\JapaneseTokenizer.html = lib\sen-1.2.2.1\docs\api\net\java\sen\ja\class-use\JapaneseTokenizer.html
		lib\sen-1.2.2.1\docs\api\net\java\sen\ja\JapaneseTokenizer.html = lib\sen-1.2.2.1\docs\api\net\java\sen\ja\JapaneseTokenizer.html
		lib\sen-1.2.2.1\src\java\net\java\sen\ja\JapaneseTokenizer.java = lib\sen-1.2.2.1\src\java\net\java\sen\ja\JapaneseTokenizer.java
		lib\sen-1.2.2.1\lib\junit.jar = lib\sen-1.2.2.1\lib\junit.jar
		lib\sen-1.2.2.1\lib\LICENSE.junit = lib\sen-1.2.2.1\lib\LICENSE.junit
		lib\sen-1.2.2.1\lib\LICENSE.logging = lib\sen-1.2.2.1\lib\LICENSE.logging
		lib\sen-1.2.2.1\dic\ipadic-2.6.0\Makefile.am = lib\sen-1.2.2.1\dic\ipadic-2.6.0\Makefile.am
		lib\sen-1.2.2.1\dic\ipadic-2.6.0\doc\Makefile.am = lib\sen-1.2.2.1\dic\ipadic-2.6.0\doc\Makefile.am
		lib\sen-1.2.2.1\dic\ipadic-2.6.0\Makefile.bat = lib\sen-1.2.2.1\dic\ipadic-2.6.0\Makefile.bat
		lib\sen-1.2.2.1\dic\ipadic-2.6.0\doc\Makefile.in = lib\sen-1.2.2.1\dic\ipadic-2.6.0\doc\Makefile.in
		lib\sen-1.2.2.1\dic\ipadic-2.6.0\Makefile.in = lib\sen-1.2.2.1\dic\ipadic-2.6.0\Makefile.in
		lib\sen-1.2.2.1\docs\api\net\java\sen\io\class-use\MappedBufferedReader.html = lib\sen-1.2.2.1\docs\api\net\java\sen\io\class-use\MappedBufferedReader.html
		lib\sen-1.2.2.1\docs\api\net\java\sen\io\MappedBufferedReader.html = lib\sen-1.2.2.1\docs\api\net\java\sen\io\MappedBufferedReader.html
		lib\sen-1.2.2.1\src\java\net\java\sen\io\MappedBufferedReader.java = lib\sen-1.2.2.1\src\java\net\java\sen\io\MappedBufferedReader.java
		lib\sen-1.2.2.1\dic\matrix.sen = lib\sen-1.2.2.1\dic\matrix.sen
		lib\sen-1.2.2.1\demo\MeCabBench.java = lib\sen-1.2.2.1\demo\MeCabBench.java
		lib\sen-1.2.2.1\dic\ipadic-2.6.0\missing = lib\sen-1.2.2.1\dic\ipadic-2.6.0\missing
		lib\sen-1.2.2.1\docs\api\net\java\sen\tools\MkCompoundTable.html = lib\sen-1.2.2.1\docs\api\net\java\sen\tools\MkCompoundTable.html
		lib\sen-1.2.2.1\docs\api\net\java\sen\tools\class-use\MkCompoundTable.html = lib\sen-1.2.2.1\docs\api\net\java\sen\tools\class-use\MkCompoundTable.html
		lib\sen-1.2.2.1\src\java\net\java\sen\tools\MkCompoundTable.java = lib\sen-1.2.2.1\src\java\net\java\sen\tools\MkCompoundTable.java
		lib\sen-1.2.2.1\dic\ipadic-2.6.0\mkinstalldirs = lib\sen-1.2.2.1\dic\ipadic-2.6.0\mkinstalldirs
		lib\sen-1.2.2.1\docs\api\net\java\sen\tools\MkSenDic.html = lib\sen-1.2.2.1\docs\api\net\java\sen\tools\MkSenDic.html
		lib\sen-1.2.2.1\docs\api\net\java\sen\tools\class-use\MkSenDic.html = lib\sen-1.2.2.1\docs\api\net\java\sen\tools\class-use\MkSenDic.html
		lib\sen-1.2.2.1\src\java\net\java\sen\tools\MkSenDic.java = lib\sen-1.2.2.1\src\java\net\java\sen\tools\MkSenDic.java
		lib\sen-1.2.2.1\dic\ipadic-2.6.0\NEWS = lib\sen-1.2.2.1\dic\ipadic-2.6.0\NEWS
		lib\sen-1.2.2.1\docs\api\net\java\sen\class-use\Node.html = lib\sen-1.2.2.1\docs\api\net\java\sen\class-use\Node.html
		lib\sen-1.2.2.1\docs\api\net\java\sen\Node.html = lib\sen-1.2.2.1\docs\api\net\java\sen\Node.html
		lib\sen-1.2.2.1\src\java\net\java\sen\Node.java = lib\sen-1.2.2.1\src\java\net\java\sen\Node.java
		lib\sen-1.2.2.1\dic\ipadic-2.6.0\Noun.adjv.dic = lib\sen-1.2.2.1\dic\ipadic-2.6.0\Noun.adjv.dic
		lib\sen-1.2.2.1\dic\ipadic-2.6.0\Noun.adverbal.dic = lib\sen-1.2.2.1\dic\ipadic-2.6.0\Noun.adverbal.dic
		lib\sen-1.2.2.1\dic\ipadic-2.6.0\Noun.demonst.dic = lib\sen-1.2.2.1\dic\ipadic-2.6.0\Noun.demonst.dic
		lib\sen-1.2.2.1\dic\ipadic-2.6.0\Noun.dic = lib\sen-1.2.2.1\dic\ipadic-2.6.0\Noun.dic
		lib\sen-1.2.2.1\dic\ipadic-2.6.0\Noun.nai.dic = lib\sen-1.2.2.1\dic\ipadic-2.6.0\Noun.nai.dic
		lib\sen-1.2.2.1\dic\ipadic-2.6.0\Noun.name.dic = lib\sen-1.2.2.1\dic\ipadic-2.6.0\Noun.name.dic
		lib\sen-1.2.2.1\dic\ipadic-2.6.0\Noun.number.dic = lib\sen-1.2.2.1\dic\ipadic-2.6.0\Noun.number.dic
		lib\sen-1.2.2.1\dic\ipadic-2.6.0\Noun.org.dic = lib\sen-1.2.2.1\dic\ipadic-2.6.0\Noun.org.dic
		lib\sen-1.2.2.1\dic\ipadic-2.6.0\Noun.others.dic = lib\sen-1.2.2.1\dic\ipadic-2.6.0\Noun.others.dic
		lib\sen-1.2.2.1\dic\ipadic-2.6.0\Noun.place.dic = lib\sen-1.2.2.1\dic\ipadic-2.6.0\Noun.place.dic
		lib\sen-1.2.2.1\dic\ipadic-2.6.0\Noun.proper.dic = lib\sen-1.2.2.1\dic\ipadic-2.6.0\Noun.proper.dic
		lib\sen-1.2.2.1\dic\ipadic-2.6.0\Noun.verbal.dic = lib\sen-1.2.2.1\dic\ipadic-2.6.0\Noun.verbal.dic
		lib\sen-1.2.2.1\.settings\org.eclipse.core.resources.prefs = lib\sen-1.2.2.1\.settings\org.eclipse.core.resources.prefs
		.settings\org.eclipse.ltk.core.refactoring.prefs = .settings\org.eclipse.ltk.core.refactoring.prefs
		lib\sen-1.2.2.1\dic\ipadic-2.6.0\Others.dic = lib\sen-1.2.2.1\dic\ipadic-2.6.0\Others.dic
		doc\overview-frame.html = doc\overview-frame.html
		lib\sen-1.2.2.1\docs\api\overview-frame.html = lib\sen-1.2.2.1\docs\api\overview-frame.html
		doc\overview-summary.html = doc\overview-summary.html
		lib\sen-1.2.2.1\docs\api\overview-summary.html = lib\sen-1.2.2.1\docs\api\overview-summary.html
		doc\overview-tree.html = doc\overview-tree.html
		lib\sen-1.2.2.1\docs\api\overview-tree.html = lib\sen-1.2.2.1\docs\api\overview-tree.html
		doc\jp\co\ditlab\scn\common\uima\package-frame.html = doc\jp\co\ditlab\scn\common\uima\package-frame.html
		doc\jp\co\ditlab\scn\common\uima\sen\package-frame.html = doc\jp\co\ditlab\scn\common\uima\sen\package-frame.html
		lib\sen-1.2.2.1\docs\api\net\java\sen\io\package-frame.html = lib\sen-1.2.2.1\docs\api\net\java\sen\io\package-frame.html
		lib\sen-1.2.2.1\docs\api\net\java\sen\tools\package-frame.html = lib\sen-1.2.2.1\docs\api\net\java\sen\tools\package-frame.html
		lib\sen-1.2.2.1\docs\api\net\java\sen\util\package-frame.html = lib\sen-1.2.2.1\docs\api\net\java\sen\util\package-frame.html
		lib\sen-1.2.2.1\docs\api\net\java\sen\ja\package-frame.html = lib\sen-1.2.2.1\docs\api\net\java\sen\ja\package-frame.html
		lib\sen-1.2.2.1\docs\api\net\java\sen\package-frame.html = lib\sen-1.2.2.1\docs\api\net\java\sen\package-frame.html
		lib\sen-1.2.2.1\docs\api\net\java\sen\processor\package-frame.html = lib\sen-1.2.2.1\docs\api\net\java\sen\processor\package-frame.html
		lib\sen-1.2.2.1\docs\api\package-frame.html = lib\sen-1.2.2.1\docs\api\package-frame.html
		doc\package-list = doc\package-list
		lib\sen-1.2.2.1\docs\api\package-list = lib\sen-1.2.2.1\docs\api\package-list
		doc\jp\co\ditlab\scn\common\uima\package-summary.html = doc\jp\co\ditlab\scn\common\uima\package-summary.html
		doc\jp\co\ditlab\scn\common\uima\sen\package-summary.html = doc\jp\co\ditlab\scn\common\uima\sen\package-summary.html
		lib\sen-1.2.2.1\docs\api\net\java\sen\io\package-summary.html = lib\sen-1.2.2.1\docs\api\net\java\sen\io\package-summary.html
		lib\sen-1.2.2.1\docs\api\net\java\sen\tools\package-summary.html = lib\sen-1.2.2.1\docs\api\net\java\sen\tools\package-summary.html
		lib\sen-1.2.2.1\docs\api\net\java\sen\util\package-summary.html = lib\sen-1.2.2.1\docs\api\net\java\sen\util\package-summary.html
		lib\sen-1.2.2.1\docs\api\package-summary.html = lib\sen-1.2.2.1\docs\api\package-summary.html
		lib\sen-1.2.2.1\docs\api\net\java\sen\ja\package-summary.html = lib\sen-1.2.2.1\docs\api\net\java\sen\ja\package-summary.html
		lib\sen-1.2.2.1\docs\api\net\java\sen\package-summary.html = lib\sen-1.2.2.1\docs\api\net\java\sen\package-summary.html
		lib\sen-1.2.2.1\docs\api\net\java\sen\processor\package-summary.html = lib\sen-1.2.2.1\docs\api\net\java\sen\processor\package-summary.html
		doc\jp\co\ditlab\scn\common\uima\package-tree.html = doc\jp\co\ditlab\scn\common\uima\package-tree.html
		doc\jp\co\ditlab\scn\common\uima\sen\package-tree.html = doc\jp\co\ditlab\scn\common\uima\sen\package-tree.html
		lib\sen-1.2.2.1\docs\api\net\java\sen\io\package-tree.html = lib\sen-1.2.2.1\docs\api\net\java\sen\io\package-tree.html
		lib\sen-1.2.2.1\docs\api\net\java\sen\tools\package-tree.html = lib\sen-1.2.2.1\docs\api\net\java\sen\tools\package-tree.html
		lib\sen-1.2.2.1\docs\api\net\java\sen\util\package-tree.html = lib\sen-1.2.2.1\docs\api\net\java\sen\util\package-tree.html
		lib\sen-1.2.2.1\docs\api\package-tree.html = lib\sen-1.2.2.1\docs\api\package-tree.html
		lib\sen-1.2.2.1\docs\api\net\java\sen\ja\package-tree.html = lib\sen-1.2.2.1\docs\api\net\java\sen\ja\package-tree.html
		lib\sen-1.2.2.1\docs\api\net\java\sen\package-tree.html = lib\sen-1.2.2.1\docs\api\net\java\sen\package-tree.html
		lib\sen-1.2.2.1\docs\api\net\java\sen\processor\package-tree.html = lib\sen-1.2.2.1\docs\api\net\java\sen\processor\package-tree.html
		doc\jp\co\ditlab\scn\common\uima\package-use.html = doc\jp\co\ditlab\scn\common\uima\package-use.html
		doc\jp\co\ditlab\scn\common\uima\sen\package-use.html = doc\jp\co\ditlab\scn\common\uima\sen\package-use.html
		lib\sen-1.2.2.1\docs\api\net\java\sen\io\package-use.html = lib\sen-1.2.2.1\docs\api\net\java\sen\io\package-use.html
		lib\sen-1.2.2.1\docs\api\net\java\sen\tools\package-use.html = lib\sen-1.2.2.1\docs\api\net\java\sen\tools\package-use.html
		lib\sen-1.2.2.1\docs\api\net\java\sen\util\package-use.html = lib\sen-1.2.2.1\docs\api\net\java\sen\util\package-use.html
		lib\sen-1.2.2.1\docs\api\package-use.html = lib\sen-1.2.2.1\docs\api\package-use.html
		lib\sen-1.2.2.1\docs\api\net\java\sen\ja\package-use.html = lib\sen-1.2.2.1\docs\api\net\java\sen\ja\package-use.html
		lib\sen-1.2.2.1\docs\api\net\java\sen\package-use.html = lib\sen-1.2.2.1\docs\api\net\java\sen\package-use.html
		lib\sen-1.2.2.1\docs\api\net\java\sen\processor\package-use.html = lib\sen-1.2.2.1\docs\api\net\java\sen\processor\package-use.html
		lib\sen-1.2.2.1\docs\api\packages.html = lib\sen-1.2.2.1\docs\api\packages.html
		lib\sen-1.2.2.1\docs\api\net\java\sen\tools\PairObject.html = lib\sen-1.2.2.1\docs\api\net\java\sen\tools\PairObject.html
		lib\sen-1.2.2.1\docs\api\net\java\sen\tools\class-use\PairObject.html = lib\sen-1.2.2.1\docs\api\net\java\sen\tools\class-use\PairObject.html
		lib\sen-1.2.2.1\src\java\net\java\sen\tools\PairObject.java = lib\sen-1.2.2.1\src\java\net\java\sen\tools\PairObject.java
		lib\sen-1.2.2.1\dic\posInfo.sen = lib\sen-1.2.2.1\dic\posInfo.sen
		lib\sen-1.2.2.1\dic\ipadic-2.6.0\Postp-col.dic = lib\sen-1.2.2.1\dic\ipadic-2.6.0\Postp-col.dic
		lib\sen-1.2.2.1\dic\ipadic-2.6.0\Postp.dic = lib\sen-1.2.2.1\dic\ipadic-2.6.0\Postp.dic
		lib\sen-1.2.2.1\docs\api\net\java\sen\processor\class-use\PostProcessor.html = lib\sen-1.2.2.1\docs\api\net\java\sen\processor\class-use\PostProcessor.html
		lib\sen-1.2.2.1\docs\api\net\java\sen\processor\PostProcessor.html = lib\sen-1.2.2.1\docs\api\net\java\sen\processor\PostProcessor.html
		lib\sen-1.2.2.1\src\java\net\java\sen\processor\PostProcessor.java = lib\sen-1.2.2.1\src\java\net\java\sen\processor\PostProcessor.java
		lib\sen-1.2.2.1\dic\ipadic-2.6.0\Prefix.dic = lib\sen-1.2.2.1\dic\ipadic-2.6.0\Prefix.dic
		lib\sen-1.2.2.1\docs\api\net\java\sen\processor\class-use\PreProcessor.html = lib\sen-1.2.2.1\docs\api\net\java\sen\processor\class-use\PreProcessor.html
		lib\sen-1.2.2.1\docs\api\net\java\sen\processor\PreProcessor.html = lib\sen-1.2.2.1\docs\api\net\java\sen\processor\PreProcessor.html
		lib\sen-1.2.2.1\src\java\net\java\sen\processor\PreProcessor.java = lib\sen-1.2.2.1\src\java\net\java\sen\processor\PreProcessor.java
		lib\sen-1.2.2.1\docs\api\class-use\ProcessorDemo.html = lib\sen-1.2.2.1\docs\api\class-use\ProcessorDemo.html
		lib\sen-1.2.2.1\docs\api\ProcessorDemo.html = lib\sen-1.2.2.1\docs\api\ProcessorDemo.html
		lib\sen-1.2.2.1\src\java\ProcessorDemo.java = lib\sen-1.2.2.1\src\java\ProcessorDemo.java
		lib\sen-1.2.2.1\docs\api\net\java\sen\io\class-use\RandomAccessReader.html = lib\sen-1.2.2.1\docs\api\net\java\sen\io\class-use\RandomAccessReader.html
		lib\sen-1.2.2.1\docs\api\net\java\sen\io\RandomAccessReader.html = lib\sen-1.2.2.1\docs\api\net\java\sen\io\RandomAccessReader.html
		lib\sen-1.2.2.1\src\java\net\java\sen\io\RandomAccessReader.java = lib\sen-1.2.2.1\src\java\net\java\sen\io\RandomAccessReader.java
		lib\sen-1.2.2.1\dic\ipadic-2.6.0\README = lib\sen-1.2.2.1\dic\ipadic-2.6.0\README
		data\readme.txt = data\readme.txt
		lib\sen-1.2.2.1\docs\api\net\java\sen\processor\class-use\RemarkPostProcessor.html = lib\sen-1.2.2.1\docs\api\net\java\sen\processor\class-use\RemarkPostProcessor.html
		lib\sen-1.2.2.1\docs\api\net\java\sen\processor\RemarkPostProcessor.html = lib\sen-1.2.2.1\docs\api\net\java\sen\processor\RemarkPostProcessor.html
		lib\sen-1.2.2.1\src\java\net\java\sen\processor\RemarkPostProcessor.java = lib\sen-1.2.2.1\src\java\net\java\sen\processor\RemarkPostProcessor.java
		lib\sen-1.2.2.1\docs\api\net\java\sen\processor\class-use\RemarkPreProcessor.html = lib\sen-1.2.2.1\docs\api\net\java\sen\processor\class-use\RemarkPreProcessor.html
		lib\sen-1.2.2.1\docs\api\net\java\sen\processor\RemarkPreProcessor.html = lib\sen-1.2.2.1\docs\api\net\java\sen\processor\RemarkPreProcessor.html
		lib\sen-1.2.2.1\src\java\net\java\sen\processor\RemarkPreProcessor.java = lib\sen-1.2.2.1\src\java\net\java\sen\processor\RemarkPreProcessor.java
		lib\sen-1.2.2.1\conf\sen-processor.xml = lib\sen-1.2.2.1\conf\sen-processor.xml
		lib\sen-1.2.2.1\bin\sen.bat = lib\sen-1.2.2.1\bin\sen.bat
		lib\sen-1.2.2.1\lib\sen.jar = lib\sen-1.2.2.1\lib\sen.jar
		lib\sen-1.2.2.1\bin\sen.sh = lib\sen-1.2.2.1\bin\sen.sh
		lib\sen-1.2.2.1\conf\sen.xml = lib\sen-1.2.2.1\conf\sen.xml
		lib\sen-1.2.2.1\src\java\net\java\sen\resources\sen.xsd = lib\sen-1.2.2.1\src\java\net\java\sen\resources\sen.xsd
		doc\jp\co\ditlab\scn\common\uima\class-use\SenAnnotator.html = doc\jp\co\ditlab\scn\common\uima\class-use\SenAnnotator.html
		doc\jp\co\ditlab\scn\common\uima\SenAnnotator.html = doc\jp\co\ditlab\scn\common\uima\SenAnnotator.html
		src\jp\co\ditlab\scn\common\uima\SenAnnotator.java = src\jp\co\ditlab\scn\common\uima\SenAnnotator.java
		lib\sen-1.2.2.1\demo\SenBench.java = lib\sen-1.2.2.1\demo\SenBench.java
		lib\sen-1.2.2.1\docs\api\net\java\sen\SenUtils.html = lib\sen-1.2.2.1\docs\api\net\java\sen\SenUtils.html
		lib\sen-1.2.2.1\docs\api\net\java\sen\class-use\SenUtils.html = lib\sen-1.2.2.1\docs\api\net\java\sen\class-use\SenUtils.html
		lib\sen-1.2.2.1\src\java\net\java\sen\SenUtils.java = lib\sen-1.2.2.1\src\java\net\java\sen\SenUtils.java
		lib\sen-1.2.2.1\docs\api\serialized-form.html = lib\sen-1.2.2.1\docs\api\serialized-form.html
		lib\sen-1.2.2.1\bin\simplelog.properties = lib\sen-1.2.2.1\bin\simplelog.properties
		lib\sen-1.2.2.1\docs\api\net\java\sen\class-use\StreamTagger.html = lib\sen-1.2.2.1\docs\api\net\java\sen\class-use\StreamTagger.html
		lib\sen-1.2.2.1\docs\api\net\java\sen\StreamTagger.html = lib\sen-1.2.2.1\docs\api\net\java\sen\StreamTagger.html
		lib\sen-1.2.2.1\src\java\net\java\sen\StreamTagger.java = lib\sen-1.2.2.1\src\java\net\java\sen\StreamTagger.java
		lib\sen-1.2.2.1\docs\api\class-use\StreamTaggerDemo.html = lib\sen-1.2.2.1\docs\api\class-use\StreamTaggerDemo.html
		lib\sen-1.2.2.1\docs\api\StreamTaggerDemo.html = lib\sen-1.2.2.1\docs\api\StreamTaggerDemo.html
		lib\sen-1.2.2.1\src\java\StreamTaggerDemo.java = lib\sen-1.2.2.1\src\java\StreamTaggerDemo.java
		lib\sen-1.2.2.1\docs\api\net\java\sen\StringTagger.html = lib\sen-1.2.2.1\docs\api\net\java\sen\StringTagger.html
		lib\sen-1.2.2.1\docs\api\net\java\sen\class-use\StringTagger.html = lib\sen-1.2.2.1\docs\api\net\java\sen\class-use\StringTagger.html
		lib\sen-1.2.2.1\src\java\net\java\sen\StringTagger.java = lib\sen-1.2.2.1\src\java\net\java\sen\StringTagger.java
		lib\sen-1.2.2.1\docs\api\class-use\StringTaggerDemo.html = lib\sen-1.2.2.1\docs\api\class-use\StringTaggerDemo.html
		lib\sen-1.2.2.1\docs\api\StringTaggerDemo.html = lib\sen-1.2.2.1\docs\api\StringTaggerDemo.html
		lib\sen-1.2.2.1\src\java\StringTaggerDemo.java = lib\sen-1.2.2.1\src\java\StringTaggerDemo.java
		doc\stylesheet.css = doc\stylesheet.css
		lib\sen-1.2.2.1\docs\api\stylesheet.css = lib\sen-1.2.2.1\docs\api\stylesheet.css
		lib\sen-1.2.2.1\dic\ipadic-2.6.0\Suffix.dic = lib\sen-1.2.2.1\dic\ipadic-2.6.0\Suffix.dic
		lib\sen-1.2.2.1\dic\ipadic-2.6.0\Symbol.dic = lib\sen-1.2.2.1\dic\ipadic-2.6.0\Symbol.dic
		data\test0.txt = data\test0.txt
		data\test1.txt = data\test1.txt
		lib\sen-1.2.2.1\docs\api\net\java\sen\class-use\Token.html = lib\sen-1.2.2.1\docs\api\net\java\sen\class-use\Token.html
		lib\sen-1.2.2.1\docs\api\net\java\sen\Token.html = lib\sen-1.2.2.1\docs\api\net\java\sen\Token.html
		lib\sen-1.2.2.1\src\java\net\java\sen\Token.java = lib\sen-1.2.2.1\src\java\net\java\sen\Token.java
		lib\sen-1.2.2.1\dic\token.sen = lib\sen-1.2.2.1\dic\token.sen
		lib\sen-1.2.2.1\docs\api\net\java\sen\Tokenizer.html = lib\sen-1.2.2.1\docs\api\net\java\sen\Tokenizer.html
		lib\sen-1.2.2.1\docs\api\net\java\sen\class-use\Tokenizer.html = lib\sen-1.2.2.1\docs\api\net\java\sen\class-use\Tokenizer.html
		lib\sen-1.2.2.1\src\java\net\java\sen\Tokenizer.java = lib\sen-1.2.2.1\src\java\net\java\sen\Tokenizer.java
		desc\typeSystemDescriptor.xml = desc\typeSystemDescriptor.xml
		lib\sen-1.2.2.1\dic\ipadic-2.6.0\Verb.dic = lib\sen-1.2.2.1\dic\ipadic-2.6.0\Verb.dic
		lib\sen-1.2.2.1\dic\ipadic-2.6.0\version.cha.in = lib\sen-1.2.2.1\dic\ipadic-2.6.0\version.cha.in
		lib\sen-1.2.2.1\docs\api\net\java\sen\Viterbi.html = lib\sen-1.2.2.1\docs\api\net\java\sen\Viterbi.html
		lib\sen-1.2.2.1\docs\api\net\java\sen\class-use\Viterbi.html = lib\sen-1.2.2.1\docs\api\net\java\sen\class-use\Viterbi.html
		lib\sen-1.2.2.1\src\java\net\java\sen\Viterbi.java = lib\sen-1.2.2.1\src\java\net\java\sen\Viterbi.java
		doc\jp\co\ditlab\scn\common\uima\sen\class-use\Word.html = doc\jp\co\ditlab\scn\common\uima\sen\class-use\Word.html
		doc\jp\co\ditlab\scn\common\uima\sen\Word.html = doc\jp\co\ditlab\scn\common\uima\sen\Word.html
		src\jp\co\ditlab\scn\common\uima\sen\Word.java = src\jp\co\ditlab\scn\common\uima\sen\Word.java
		doc\jp\co\ditlab\scn\common\uima\sen\class-use\Word_Type.html = doc\jp\co\ditlab\scn\common\uima\sen\class-use\Word_Type.html
		doc\jp\co\ditlab\scn\common\uima\sen\Word_Type.html = doc\jp\co\ditlab\scn\common\uima\sen\Word_Type.html
		src\jp\co\ditlab\scn\common\uima\sen\Word_Type.java = src\jp\co\ditlab\scn\common\uima\sen\Word_Type.java
	EndProjectSection
EndProject
Global
	GlobalSection(SolutionProperties) = preSolution
		HideSolutionNode = FALSE
	EndGlobalSection
EndGlobal
